
Microsoft Visual Studio Solution File, Format Version 12.00
# Visual Studio Version 17
VisualStudioVersion = 17.14.36623.8
MinimumVisualStudioVersion = 10.0.40219.1
Project("{FAE04EC0-301F-11D3-BF4B-00C04F79EFBC}") = "MyHomeCatalogus", "MyHomeCatalogus\MyHomeCatalogus\MyHomeCatalogus.csproj", "{C702ACFA-ADBD-4685-B55A-431CBFE76612}"
EndProject
Project("{FAE04EC0-301F-11D3-BF4B-00C04F79EFBC}") = "MyHomeCatalogus.Client", "MyHomeCatalogus\MyHomeCatalogus.Client\MyHomeCatalogus.Client.csproj", "{5E66DB7A-96FB-4D7C-8F5B-CE7469E91CD9}"
EndProject
Project("{FAE04EC0-301F-11D3-BF4B-00C04F79EFBC}") = "MyHomeCatalogus.Shared", "MyHomeCatalogus.Shared\MyHomeCatalogus.Shared.csproj", "{CAD48D85-771B-4CF6-B9A6-B28D8485838F}"
EndProject
Project("{FAE04EC0-301F-11D3-BF4B-00C04F79EFBC}") = "MyHomeCatalogus.IntegrationTests", "MyHomeCatalogus.IntegrationTests\MyHomeCatalogus.IntegrationTests.csproj", "{8619FA58-62D5-483C-9001-C261C101CD10}"
EndProject
Project("{FAE04EC0-301F-11D3-BF4B-00C04F79EFBC}") = "MyHomeCatalogus.UnitTests", "MyHomeCatalogus.UnitTests\MyHomeCatalogus.UnitTests.csproj", "{091F6E2B-F372-4367-A997-D5F91F4F60E1}"
EndProject
Global
	GlobalSection(SolutionConfigurationPlatforms) = preSolution
		Debug|Any CPU = Debug|Any CPU
		Release|Any CPU = Release|Any CPU
	EndGlobalSection
	GlobalSection(ProjectConfigurationPlatforms) = postSolution
		{C702ACFA-ADBD-4685-B55A-431CBFE76612}.Debug|Any CPU.ActiveCfg = Debug|Any CPU
		{C702ACFA-ADBD-4685-B55A-431CBFE76612}.Debug|Any CPU.Build.0 = Debug|Any CPU
		{C702ACFA-ADBD-4685-B55A-431CBFE76612}.Release|Any CPU.ActiveCfg = Release|Any CPU
		{C702ACFA-ADBD-4685-B55A-431CBFE76612}.Release|Any CPU.Build.0 = Release|Any CPU
		{5E66DB7A-96FB-4D7C-8F5B-CE7469E91CD9}.Debug|Any CPU.ActiveCfg = Debug|Any CPU
		{5E66DB7A-96FB-4D7C-8F5B-CE7469E91CD9}.Debug|Any CPU.Build.0 = Debug|Any CPU
		{5E66DB7A-96FB-4D7C-8F5B-CE7469E91CD9}.Release|Any CPU.ActiveCfg = Release|Any CPU
		{5E66DB7A-96FB-4D7C-8F5B-CE7469E91CD9}.Release|Any CPU.Build.0 = Release|Any CPU
		{CAD48D85-771B-4CF6-B9A6-B28D8485838F}.Debug|Any CPU.ActiveCfg = Debug|Any CPU
		{CAD48D85-771B-4CF6-B9A6-B28D8485838F}.Debug|Any CPU.Build.0 = Debug|Any CPU
		{CAD48D85-771B-4CF6-B9A6-B28D8485838F}.Release|Any CPU.ActiveCfg = Release|Any CPU
		{CAD48D85-771B-4CF6-B9A6-B28D8485838F}.Release|Any CPU.Build.0 = Release|Any CPU
		{8619FA58-62D5-483C-9001-C261C101CD10}.Debug|Any CPU.ActiveCfg = Debug|Any CPU
		{8619FA58-62D5-483C-9001-C261C101CD10}.Debug|Any CPU.Build.0 = Debug|Any CPU
		{8619FA58-62D5-483C-9001-C261C101CD10}.Release|Any CPU.ActiveCfg = Release|Any CPU
		{8619FA58-62D5-483C-9001-C261C101CD10}.Release|Any CPU.Build.0 = Release|Any CPU
		{091F6E2B-F372-4367-A997-D5F91F4F60E1}.Debug|Any CPU.ActiveCfg = Debug|Any CPU
		{091F6E2B-F372-4367-A997-D5F91F4F60E1}.Debug|Any CPU.Build.0 = Debug|Any CPU
		{091F6E2B-F372-4367-A997-D5F91F4F60E1}.Release|Any CPU.ActiveCfg = Release|Any CPU
		{091F6E2B-F372-4367-A997-D5F91F4F60E1}.Release|Any CPU.Build.0 = Release|Any CPU
	EndGlobalSection
	GlobalSection(SolutionProperties) = preSolution
		HideSolutionNode = FALSE
	EndGlobalSection
	GlobalSection(ExtensibilityGlobals) = postSolution
		SolutionGuid = {4CEF561F-C248-4D51-9B9F-2E13E6CEC4B5}
	EndGlobalSection
EndGlobal
